
Microsoft Visual Studio Solution File, Format Version 12.00
# Visual Studio Version 17
VisualStudioVersion = 17.7.34221.43
MinimumVisualStudioVersion = 10.0.40219.1
Project("{FAE04EC0-301F-11D3-BF4B-00C04F79EFBC}") = "MemoryGra", "MemoryGra\MemoryGra.csproj", "{58B6611A-3163-4431-80F0-0AC52EC3B2EE}"
EndProject
Global
	GlobalSection(SolutionConfigurationPlatforms) = preSolution
		Debug|Any CPU = Debug|Any CPU
		Release|Any CPU = Release|Any CPU
	EndGlobalSection
	GlobalSection(ProjectConfigurationPlatforms) = postSolution
		{58B6611A-3163-4431-80F0-0AC52EC3B2EE}.Debug|Any CPU.ActiveCfg = Debug|Any CPU
		{58B6611A-3163-4431-80F0-0AC52EC3B2EE}.Debug|Any CPU.Build.0 = Debug|Any CPU
		{58B6611A-3163-4431-80F0-0AC52EC3B2EE}.Release|Any CPU.ActiveCfg = Release|Any CPU
		{58B6611A-3163-4431-80F0-0AC52EC3B2EE}.Release|Any CPU.Build.0 = Release|Any CPU
	EndGlobalSection
	GlobalSection(SolutionProperties) = preSolution
		HideSolutionNode = FALSE
	EndGlobalSection
	GlobalSection(ExtensibilityGlobals) = postSolution
		SolutionGuid = {ABBA59B6-73D8-4CE7-8B2B-B79AA788EDF0}
	EndGlobalSection
EndGlobal
